
Microsoft Visual Studio Solution File, Format Version 12.00
# Visual Studio Version 17
VisualStudioVersion = 17.12.35521.163
MinimumVisualStudioVersion = 10.0.40219.1
Project("{FAE04EC0-301F-11D3-BF4B-00C04F79EFBC}") = "Lampyris.Server.Crypto.OKX", "Lampyris.Server.Crypto.OKX\Lampyris.Server.Crypto.OKX.csproj", "{6F1E118C-35CF-4C4C-BA13-55A2F22BEFBB}"
EndProject
Project("{FAE04EC0-301F-11D3-BF4B-00C04F79EFBC}") = "Lampyris.CSharp.Common", "Lampyris.CSharp.Common\Lampyris.CSharp.Common.csproj", "{89E6A3CB-FCC6-486F-90E5-445997F222EF}"
EndProject
Project("{FAE04EC0-301F-11D3-BF4B-00C04F79EFBC}") = "Lampyris.Server.Crypto.Common", "Lampyris.Server.Crypto.Common\Lampyris.Server.Crypto.Common.csproj", "{3DA941C0-B105-45F0-9BDA-43CDDAB61CD3}"
EndProject
Project("{FAE04EC0-301F-11D3-BF4B-00C04F79EFBC}") = "Lampyris.Server.Crypto.Binance", "Lampyris.Server.Crypto.Binance\Lampyris.Server.Crypto.Binance.csproj", "{5EF2ECBA-E967-4B3D-BFEC-D12F24D19785}"
EndProject
Project("{2150E333-8FDC-42A3-9474-1A3956D46DE8}") = "Solution Items", "Solution Items", "{36D29CB1-8E94-4B20-88B1-DD77D126B775}"
	ProjectSection(SolutionItems) = preProject
		.editorconfig = .editorconfig
	EndProjectSection
EndProject
Project("{8BC9CEB8-8B4A-11D0-8D11-00A0C91BC942}") = "Lampyris.PlotRenderer", "Lampyris.PlotRenderer\Lampyris.PlotRenderer.vcxproj", "{5C1CD7C0-FB34-461B-822E-72F72C36DE67}"
EndProject
Project("{FAE04EC0-301F-11D3-BF4B-00C04F79EFBC}") = "BinanceHistoricalDataDownloader", "BinanceHistoricalDataDownloader\BinanceHistoricalDataDownloader.csproj", "{4CE488A3-6D17-43E8-86BE-986218A612B4}"
EndProject
Project("{FAE04EC0-301F-11D3-BF4B-00C04F79EFBC}") = "Lampyris.ResourceServer", "Lampyris.ResourceServer\Lampyris.ResourceServer.csproj", "{832AD1E0-2289-4EA9-859B-65F8FBEEA149}"
EndProject
Project("{8BC9CEB8-8B4A-11D0-8D11-00A0C91BC942}") = "Lampyris.Client.Launcher", "Lampyris.Client.Launcher\Lampyris.Client.Launcher.vcxproj", "{710886BF-5D5E-303E-B912-0846E4E22857}"
EndProject
Project("{FAE04EC0-301F-11D3-BF4B-00C04F79EFBC}") = "ProtocolCppFilePostProcesstor", "ProtocolCppFilePostProcesstor\ProtocolCppFilePostProcesstor.csproj", "{20B66796-ED14-4B8D-8A4B-FA58BC7F3F6A}"
EndProject
Project("{FAE04EC0-301F-11D3-BF4B-00C04F79EFBC}") = "ProtocolCommonFileCodeGen", "ProtocolCommonFileCodeGen\ProtocolCommonFileCodeGen.csproj", "{FF3B3F5A-788A-4B20-807E-9DEB9E4D1DD1}"
EndProject
Project("{8BC9CEB8-8B4A-11D0-8D11-00A0C91BC942}") = "Lampyris.Client.Crypto.Core", "Lampyris.Client.Crypto.Core\Lampyris.Client.Crypto.Core.vcxproj", "{37A502DE-8399-301C-9658-6BA8D875067A}"
EndProject
Global
	GlobalSection(SolutionConfigurationPlatforms) = preSolution
		Debug|Any CPU = Debug|Any CPU
		Debug|x64 = Debug|x64
		Release|Any CPU = Release|Any CPU
		Release|x64 = Release|x64
	EndGlobalSection
	GlobalSection(ProjectConfigurationPlatforms) = postSolution
		{6F1E118C-35CF-4C4C-BA13-55A2F22BEFBB}.Debug|Any CPU.ActiveCfg = Debug|Any CPU
		{6F1E118C-35CF-4C4C-BA13-55A2F22BEFBB}.Debug|Any CPU.Build.0 = Debug|Any CPU
		{6F1E118C-35CF-4C4C-BA13-55A2F22BEFBB}.Debug|x64.ActiveCfg = Debug|Any CPU
		{6F1E118C-35CF-4C4C-BA13-55A2F22BEFBB}.Debug|x64.Build.0 = Debug|Any CPU
		{6F1E118C-35CF-4C4C-BA13-55A2F22BEFBB}.Release|Any CPU.ActiveCfg = Release|Any CPU
		{6F1E118C-35CF-4C4C-BA13-55A2F22BEFBB}.Release|Any CPU.Build.0 = Release|Any CPU
		{6F1E118C-35CF-4C4C-BA13-55A2F22BEFBB}.Release|x64.ActiveCfg = Release|Any CPU
		{6F1E118C-35CF-4C4C-BA13-55A2F22BEFBB}.Release|x64.Build.0 = Release|Any CPU
		{89E6A3CB-FCC6-486F-90E5-445997F222EF}.Debug|Any CPU.ActiveCfg = Debug|Any CPU
		{89E6A3CB-FCC6-486F-90E5-445997F222EF}.Debug|Any CPU.Build.0 = Debug|Any CPU
		{89E6A3CB-FCC6-486F-90E5-445997F222EF}.Debug|x64.ActiveCfg = Debug|Any CPU
		{89E6A3CB-FCC6-486F-90E5-445997F222EF}.Debug|x64.Build.0 = Debug|Any CPU
		{89E6A3CB-FCC6-486F-90E5-445997F222EF}.Release|Any CPU.ActiveCfg = Release|Any CPU
		{89E6A3CB-FCC6-486F-90E5-445997F222EF}.Release|Any CPU.Build.0 = Release|Any CPU
		{89E6A3CB-FCC6-486F-90E5-445997F222EF}.Release|x64.ActiveCfg = Release|Any CPU
		{89E6A3CB-FCC6-486F-90E5-445997F222EF}.Release|x64.Build.0 = Release|Any CPU
		{3DA941C0-B105-45F0-9BDA-43CDDAB61CD3}.Debug|Any CPU.ActiveCfg = Debug|Any CPU
		{3DA941C0-B105-45F0-9BDA-43CDDAB61CD3}.Debug|Any CPU.Build.0 = Debug|Any CPU
		{3DA941C0-B105-45F0-9BDA-43CDDAB61CD3}.Debug|x64.ActiveCfg = Debug|Any CPU
		{3DA941C0-B105-45F0-9BDA-43CDDAB61CD3}.Debug|x64.Build.0 = Debug|Any CPU
		{3DA941C0-B105-45F0-9BDA-43CDDAB61CD3}.Release|Any CPU.ActiveCfg = Release|Any CPU
		{3DA941C0-B105-45F0-9BDA-43CDDAB61CD3}.Release|Any CPU.Build.0 = Release|Any CPU
		{3DA941C0-B105-45F0-9BDA-43CDDAB61CD3}.Release|x64.ActiveCfg = Release|Any CPU
		{3DA941C0-B105-45F0-9BDA-43CDDAB61CD3}.Release|x64.Build.0 = Release|Any CPU
		{5EF2ECBA-E967-4B3D-BFEC-D12F24D19785}.Debug|Any CPU.ActiveCfg = Debug|Any CPU
		{5EF2ECBA-E967-4B3D-BFEC-D12F24D19785}.Debug|Any CPU.Build.0 = Debug|Any CPU
		{5EF2ECBA-E967-4B3D-BFEC-D12F24D19785}.Debug|x64.ActiveCfg = Debug|Any CPU
		{5EF2ECBA-E967-4B3D-BFEC-D12F24D19785}.Debug|x64.Build.0 = Debug|Any CPU
		{5EF2ECBA-E967-4B3D-BFEC-D12F24D19785}.Release|Any CPU.ActiveCfg = Release|Any CPU
		{5EF2ECBA-E967-4B3D-BFEC-D12F24D19785}.Release|Any CPU.Build.0 = Release|Any CPU
		{5EF2ECBA-E967-4B3D-BFEC-D12F24D19785}.Release|x64.ActiveCfg = Release|Any CPU
		{5EF2ECBA-E967-4B3D-BFEC-D12F24D19785}.Release|x64.Build.0 = Release|Any CPU
		{5C1CD7C0-FB34-461B-822E-72F72C36DE67}.Debug|Any CPU.ActiveCfg = Debug|x64
		{5C1CD7C0-FB34-461B-822E-72F72C36DE67}.Debug|Any CPU.Build.0 = Debug|x64
		{5C1CD7C0-FB34-461B-822E-72F72C36DE67}.Debug|x64.ActiveCfg = Debug|x64
		{5C1CD7C0-FB34-461B-822E-72F72C36DE67}.Debug|x64.Build.0 = Debug|x64
		{5C1CD7C0-FB34-461B-822E-72F72C36DE67}.Release|Any CPU.ActiveCfg = Release|x64
		{5C1CD7C0-FB34-461B-822E-72F72C36DE67}.Release|Any CPU.Build.0 = Release|x64
		{5C1CD7C0-FB34-461B-822E-72F72C36DE67}.Release|x64.ActiveCfg = Release|x64
		{5C1CD7C0-FB34-461B-822E-72F72C36DE67}.Release|x64.Build.0 = Release|x64
		{4CE488A3-6D17-43E8-86BE-986218A612B4}.Debug|Any CPU.ActiveCfg = Debug|Any CPU
		{4CE488A3-6D17-43E8-86BE-986218A612B4}.Debug|Any CPU.Build.0 = Debug|Any CPU
		{4CE488A3-6D17-43E8-86BE-986218A612B4}.Debug|x64.ActiveCfg = Debug|Any CPU
		{4CE488A3-6D17-43E8-86BE-986218A612B4}.Debug|x64.Build.0 = Debug|Any CPU
		{4CE488A3-6D17-43E8-86BE-986218A612B4}.Release|Any CPU.ActiveCfg = Release|Any CPU
		{4CE488A3-6D17-43E8-86BE-986218A612B4}.Release|Any CPU.Build.0 = Release|Any CPU
		{4CE488A3-6D17-43E8-86BE-986218A612B4}.Release|x64.ActiveCfg = Release|Any CPU
		{4CE488A3-6D17-43E8-86BE-986218A612B4}.Release|x64.Build.0 = Release|Any CPU
		{832AD1E0-2289-4EA9-859B-65F8FBEEA149}.Debug|Any CPU.ActiveCfg = Debug|Any CPU
		{832AD1E0-2289-4EA9-859B-65F8FBEEA149}.Debug|Any CPU.Build.0 = Debug|Any CPU
		{832AD1E0-2289-4EA9-859B-65F8FBEEA149}.Debug|x64.ActiveCfg = Debug|Any CPU
		{832AD1E0-2289-4EA9-859B-65F8FBEEA149}.Debug|x64.Build.0 = Debug|Any CPU
		{832AD1E0-2289-4EA9-859B-65F8FBEEA149}.Release|Any CPU.ActiveCfg = Release|Any CPU
		{832AD1E0-2289-4EA9-859B-65F8FBEEA149}.Release|Any CPU.Build.0 = Release|Any CPU
		{832AD1E0-2289-4EA9-859B-65F8FBEEA149}.Release|x64.ActiveCfg = Release|Any CPU
		{832AD1E0-2289-4EA9-859B-65F8FBEEA149}.Release|x64.Build.0 = Release|Any CPU
		{710886BF-5D5E-303E-B912-0846E4E22857}.Debug|Any CPU.ActiveCfg = Debug|x64
		{710886BF-5D5E-303E-B912-0846E4E22857}.Debug|Any CPU.Build.0 = Debug|x64
		{710886BF-5D5E-303E-B912-0846E4E22857}.Debug|x64.ActiveCfg = Debug|x64
		{710886BF-5D5E-303E-B912-0846E4E22857}.Debug|x64.Build.0 = Debug|x64
		{710886BF-5D5E-303E-B912-0846E4E22857}.Release|Any CPU.ActiveCfg = Release|x64
		{710886BF-5D5E-303E-B912-0846E4E22857}.Release|Any CPU.Build.0 = Release|x64
		{710886BF-5D5E-303E-B912-0846E4E22857}.Release|x64.ActiveCfg = Release|x64
		{710886BF-5D5E-303E-B912-0846E4E22857}.Release|x64.Build.0 = Release|x64
		{20B66796-ED14-4B8D-8A4B-FA58BC7F3F6A}.Debug|Any CPU.ActiveCfg = Debug|Any CPU
		{20B66796-ED14-4B8D-8A4B-FA58BC7F3F6A}.Debug|Any CPU.Build.0 = Debug|Any CPU
		{20B66796-ED14-4B8D-8A4B-FA58BC7F3F6A}.Debug|x64.ActiveCfg = Debug|Any CPU
		{20B66796-ED14-4B8D-8A4B-FA58BC7F3F6A}.Debug|x64.Build.0 = Debug|Any CPU
		{20B66796-ED14-4B8D-8A4B-FA58BC7F3F6A}.Release|Any CPU.ActiveCfg = Release|Any CPU
		{20B66796-ED14-4B8D-8A4B-FA58BC7F3F6A}.Release|Any CPU.Build.0 = Release|Any CPU
		{20B66796-ED14-4B8D-8A4B-FA58BC7F3F6A}.Release|x64.ActiveCfg = Release|Any CPU
		{20B66796-ED14-4B8D-8A4B-FA58BC7F3F6A}.Release|x64.Build.0 = Release|Any CPU
		{FF3B3F5A-788A-4B20-807E-9DEB9E4D1DD1}.Debug|Any CPU.ActiveCfg = Debug|Any CPU
		{FF3B3F5A-788A-4B20-807E-9DEB9E4D1DD1}.Debug|Any CPU.Build.0 = Debug|Any CPU
		{FF3B3F5A-788A-4B20-807E-9DEB9E4D1DD1}.Debug|x64.ActiveCfg = Debug|Any CPU
		{FF3B3F5A-788A-4B20-807E-9DEB9E4D1DD1}.Debug|x64.Build.0 = Debug|Any CPU
		{FF3B3F5A-788A-4B20-807E-9DEB9E4D1DD1}.Release|Any CPU.ActiveCfg = Release|Any CPU
		{FF3B3F5A-788A-4B20-807E-9DEB9E4D1DD1}.Release|Any CPU.Build.0 = Release|Any CPU
		{FF3B3F5A-788A-4B20-807E-9DEB9E4D1DD1}.Release|x64.ActiveCfg = Release|Any CPU
		{FF3B3F5A-788A-4B20-807E-9DEB9E4D1DD1}.Release|x64.Build.0 = Release|Any CPU
		{37A502DE-8399-301C-9658-6BA8D875067A}.Debug|Any CPU.ActiveCfg = Debug|x64
		{37A502DE-8399-301C-9658-6BA8D875067A}.Debug|Any CPU.Build.0 = Debug|x64
		{37A502DE-8399-301C-9658-6BA8D875067A}.Debug|x64.ActiveCfg = Debug|x64
		{37A502DE-8399-301C-9658-6BA8D875067A}.Debug|x64.Build.0 = Debug|x64
		{37A502DE-8399-301C-9658-6BA8D875067A}.Release|Any CPU.ActiveCfg = Release|x64
		{37A502DE-8399-301C-9658-6BA8D875067A}.Release|Any CPU.Build.0 = Release|x64
		{37A502DE-8399-301C-9658-6BA8D875067A}.Release|x64.ActiveCfg = Release|x64
		{37A502DE-8399-301C-9658-6BA8D875067A}.Release|x64.Build.0 = Release|x64
	EndGlobalSection
	GlobalSection(SolutionProperties) = preSolution
		HideSolutionNode = FALSE
	EndGlobalSection
	GlobalSection(ExtensibilityGlobals) = postSolution
		SolutionGuid = {19F86DBE-4FE9-49E0-B1BB-9D9DD78CA186}
	EndGlobalSection
EndGlobal
